
Microsoft Visual Studio Solution File, Format Version 12.00
# Visual Studio Version 16
VisualStudioVersion = 16.0.29709.97
MinimumVisualStudioVersion = 10.0.40219.1
Project("{2150E333-8FDC-42A3-9474-1A3956D46DE8}") = "4 Dominio", "4 Dominio", "{B6EE41C6-7EE6-4293-B78D-CB67AB8B185D}"
EndProject
Project("{9A19103F-16F7-4668-BE54-9A1E7A4F7556}") = "Usuarios.Dominio", "Dominio\Usuarios.Dominio\Usuarios.Dominio.csproj", "{1AA97ECB-AFF4-4CEF-BA54-82E857B886E3}"
EndProject
Project("{2150E333-8FDC-42A3-9474-1A3956D46DE8}") = "3 Infraestrutura", "3 Infraestrutura", "{A6332661-79DE-4F1E-B9F3-FE5AF0A24AA1}"
EndProject
Project("{2150E333-8FDC-42A3-9474-1A3956D46DE8}") = "2  Aplicacao", "2  Aplicacao", "{63B3689B-9754-48F5-ACA6-A9539581418F}"
EndProject
Project("{2150E333-8FDC-42A3-9474-1A3956D46DE8}") = "1 Servico", "1 Servico", "{D0733046-C263-4E68-A57F-C58648703ED5}"
EndProject
Project("{2150E333-8FDC-42A3-9474-1A3956D46DE8}") = "3.1 Dados", "3.1 Dados", "{E79B2BD5-4BE5-4ED8-9306-57056E951112}"
EndProject
Project("{9A19103F-16F7-4668-BE54-9A1E7A4F7556}") = "Usuarios.Infraestrutura.Dados", "Infraestrutura\Dados\Usuarios.Infraestrutura.Dados\Usuarios.Infraestrutura.Dados.csproj", "{D391749B-5718-49E2-8547-B2C4051BBD2D}"
EndProject
Project("{9A19103F-16F7-4668-BE54-9A1E7A4F7556}") = "Usuarios.Aplicacao", "Aplicacao\Usuarios.Aplicacao\Usuarios.Aplicacao.csproj", "{016092AC-02EC-4485-ACB7-11F22D47C282}"
EndProject
Project("{FAE04EC0-301F-11D3-BF4B-00C04F79EFBC}") = "Usuarios.Servico", "Usuarios.Servico\Usuarios.Servico.csproj", "{BE7F0E52-8886-4082-BAAF-10973C1B3E31}"
EndProject
Project("{00D1A9C2-B5F0-4AF3-8072-F6C62B433612}") = "Usuarios.Banco", "Usuarios.Banco\Usuarios.Banco.sqlproj", "{1C433F05-10CF-4B83-AF25-E2CDCCE7A931}"
EndProject
Global
	GlobalSection(SolutionConfigurationPlatforms) = preSolution
		Debug|Any CPU = Debug|Any CPU
		Release|Any CPU = Release|Any CPU
	EndGlobalSection
	GlobalSection(ProjectConfigurationPlatforms) = postSolution
		{1AA97ECB-AFF4-4CEF-BA54-82E857B886E3}.Debug|Any CPU.ActiveCfg = Debug|Any CPU
		{1AA97ECB-AFF4-4CEF-BA54-82E857B886E3}.Debug|Any CPU.Build.0 = Debug|Any CPU
		{1AA97ECB-AFF4-4CEF-BA54-82E857B886E3}.Release|Any CPU.ActiveCfg = Release|Any CPU
		{1AA97ECB-AFF4-4CEF-BA54-82E857B886E3}.Release|Any CPU.Build.0 = Release|Any CPU
		{D391749B-5718-49E2-8547-B2C4051BBD2D}.Debug|Any CPU.ActiveCfg = Debug|Any CPU
		{D391749B-5718-49E2-8547-B2C4051BBD2D}.Debug|Any CPU.Build.0 = Debug|Any CPU
		{D391749B-5718-49E2-8547-B2C4051BBD2D}.Release|Any CPU.ActiveCfg = Release|Any CPU
		{D391749B-5718-49E2-8547-B2C4051BBD2D}.Release|Any CPU.Build.0 = Release|Any CPU
		{016092AC-02EC-4485-ACB7-11F22D47C282}.Debug|Any CPU.ActiveCfg = Debug|Any CPU
		{016092AC-02EC-4485-ACB7-11F22D47C282}.Debug|Any CPU.Build.0 = Debug|Any CPU
		{016092AC-02EC-4485-ACB7-11F22D47C282}.Release|Any CPU.ActiveCfg = Release|Any CPU
		{016092AC-02EC-4485-ACB7-11F22D47C282}.Release|Any CPU.Build.0 = Release|Any CPU
		{BE7F0E52-8886-4082-BAAF-10973C1B3E31}.Debug|Any CPU.ActiveCfg = Debug|Any CPU
		{BE7F0E52-8886-4082-BAAF-10973C1B3E31}.Debug|Any CPU.Build.0 = Debug|Any CPU
		{BE7F0E52-8886-4082-BAAF-10973C1B3E31}.Release|Any CPU.ActiveCfg = Release|Any CPU
		{BE7F0E52-8886-4082-BAAF-10973C1B3E31}.Release|Any CPU.Build.0 = Release|Any CPU
		{1C433F05-10CF-4B83-AF25-E2CDCCE7A931}.Debug|Any CPU.ActiveCfg = Debug|Any CPU
		{1C433F05-10CF-4B83-AF25-E2CDCCE7A931}.Debug|Any CPU.Build.0 = Debug|Any CPU
		{1C433F05-10CF-4B83-AF25-E2CDCCE7A931}.Debug|Any CPU.Deploy.0 = Debug|Any CPU
		{1C433F05-10CF-4B83-AF25-E2CDCCE7A931}.Release|Any CPU.ActiveCfg = Release|Any CPU
		{1C433F05-10CF-4B83-AF25-E2CDCCE7A931}.Release|Any CPU.Build.0 = Release|Any CPU
		{1C433F05-10CF-4B83-AF25-E2CDCCE7A931}.Release|Any CPU.Deploy.0 = Release|Any CPU
	EndGlobalSection
	GlobalSection(SolutionProperties) = preSolution
		HideSolutionNode = FALSE
	EndGlobalSection
	GlobalSection(NestedProjects) = preSolution
		{1AA97ECB-AFF4-4CEF-BA54-82E857B886E3} = {B6EE41C6-7EE6-4293-B78D-CB67AB8B185D}
		{E79B2BD5-4BE5-4ED8-9306-57056E951112} = {A6332661-79DE-4F1E-B9F3-FE5AF0A24AA1}
		{D391749B-5718-49E2-8547-B2C4051BBD2D} = {E79B2BD5-4BE5-4ED8-9306-57056E951112}
		{016092AC-02EC-4485-ACB7-11F22D47C282} = {63B3689B-9754-48F5-ACA6-A9539581418F}
		{BE7F0E52-8886-4082-BAAF-10973C1B3E31} = {D0733046-C263-4E68-A57F-C58648703ED5}
		{1C433F05-10CF-4B83-AF25-E2CDCCE7A931} = {E79B2BD5-4BE5-4ED8-9306-57056E951112}
	EndGlobalSection
	GlobalSection(ExtensibilityGlobals) = postSolution
		SolutionGuid = {62AFB730-E7B6-4629-B950-B6E612EBAE41}
	EndGlobalSection
EndGlobal
